
Microsoft Visual Studio Solution File, Format Version 12.00
# Visual Studio Version 17
VisualStudioVersion = 17.0.31903.59
MinimumVisualStudioVersion = 10.0.40219.1
Project("{2150E333-8FDC-42A3-9474-1A3956D46DE8}") = "src", "src", "{B475C797-8EB0-4B97-BD77-8B025695FCAE}"
EndProject
Project("{9A19103F-16F7-4668-BE54-9A1E7A4F7556}") = "QianShiChat.Common", "src\QianShiChat.Common\QianShiChat.Common.csproj", "{F643FA6D-FAD0-4B61-A646-1AE44BBBA375}"
EndProject
Project("{FAE04EC0-301F-11D3-BF4B-00C04F79EFBC}") = "QianShiChat.WebApi", "src\QianShiChat.WebApi\QianShiChat.WebApi.csproj", "{083696EF-D9F3-4B78-8BF4-3AB5E937BD84}"
EndProject
Global
	GlobalSection(SolutionConfigurationPlatforms) = preSolution
		Debug|Any CPU = Debug|Any CPU
		Release|Any CPU = Release|Any CPU
	EndGlobalSection
	GlobalSection(ProjectConfigurationPlatforms) = postSolution
		{F643FA6D-FAD0-4B61-A646-1AE44BBBA375}.Debug|Any CPU.ActiveCfg = Debug|Any CPU
		{F643FA6D-FAD0-4B61-A646-1AE44BBBA375}.Debug|Any CPU.Build.0 = Debug|Any CPU
		{F643FA6D-FAD0-4B61-A646-1AE44BBBA375}.Release|Any CPU.ActiveCfg = Release|Any CPU
		{F643FA6D-FAD0-4B61-A646-1AE44BBBA375}.Release|Any CPU.Build.0 = Release|Any CPU
		{083696EF-D9F3-4B78-8BF4-3AB5E937BD84}.Debug|Any CPU.ActiveCfg = Debug|Any CPU
		{083696EF-D9F3-4B78-8BF4-3AB5E937BD84}.Debug|Any CPU.Build.0 = Debug|Any CPU
		{083696EF-D9F3-4B78-8BF4-3AB5E937BD84}.Release|Any CPU.ActiveCfg = Release|Any CPU
		{083696EF-D9F3-4B78-8BF4-3AB5E937BD84}.Release|Any CPU.Build.0 = Release|Any CPU
	EndGlobalSection
	GlobalSection(SolutionProperties) = preSolution
		HideSolutionNode = FALSE
	EndGlobalSection
	GlobalSection(NestedProjects) = preSolution
		{F643FA6D-FAD0-4B61-A646-1AE44BBBA375} = {B475C797-8EB0-4B97-BD77-8B025695FCAE}
		{083696EF-D9F3-4B78-8BF4-3AB5E937BD84} = {B475C797-8EB0-4B97-BD77-8B025695FCAE}
	EndGlobalSection
	GlobalSection(ExtensibilityGlobals) = postSolution
		SolutionGuid = {57A682C3-B712-4D9B-A254-3F4A806CCA46}
	EndGlobalSection
EndGlobal
