
Microsoft Visual Studio Solution File, Format Version 12.00
# Visual Studio Version 17
VisualStudioVersion = 17.0.31903.59
MinimumVisualStudioVersion = 10.0.40219.1
Project("{2150E333-8FDC-42A3-9474-1A3956D46DE8}") = "src", "src", "{B475C797-8EB0-4B97-BD77-8B025695FCAE}"
EndProject
Project("{9A19103F-16F7-4668-BE54-9A1E7A4F7556}") = "QianShiChat.WebApi", "src\QianShiChat.WebApi\QianShiChat.WebApi.csproj", "{083696EF-D9F3-4B78-8BF4-3AB5E937BD84}"
EndProject
Project("{9A19103F-16F7-4668-BE54-9A1E7A4F7556}") = "QianShiChat.Domain", "src\QianShiChat.Domain\QianShiChat.Domain.csproj", "{D06DB836-C5F5-47F4-BC71-1DDBC3B80CB2}"
EndProject
Project("{9A19103F-16F7-4668-BE54-9A1E7A4F7556}") = "QianShiChat.Domain.Shared", "src\QianShiChat.Domain.Shared\QianShiChat.Domain.Shared.csproj", "{81932CCC-0FF6-463F-A952-A77A9137483B}"
EndProject
Project("{9A19103F-16F7-4668-BE54-9A1E7A4F7556}") = "QianShiChat.Application", "src\QianShiChat.Application\QianShiChat.Application.csproj", "{3C7978FA-6817-40A1-AC9C-C12E7C8C4103}"
EndProject
Project("{9A19103F-16F7-4668-BE54-9A1E7A4F7556}") = "QianShiChat.Application.Contracts", "src\QianShiChat.Application.Contracts\QianShiChat.Application.Contracts.csproj", "{DB529FBB-09E8-4389-B041-421F50159881}"
EndProject
Project("{2150E333-8FDC-42A3-9474-1A3956D46DE8}") = "Solution Items", "Solution Items", "{F913559D-A44C-41C3-9FF8-15AB80A7308B}"
	ProjectSection(SolutionItems) = preProject
		.editorconfig = .editorconfig
		.gitignore = .gitignore
		BuildChatService.md = BuildChatService.md
	EndProjectSection
EndProject
Project("{9A19103F-16F7-4668-BE54-9A1E7A4F7556}") = "QianShiChat.Infrastructure", "src\QianShiChat.Infrastructure\QianShiChat.Infrastructure.csproj", "{17756DCA-A483-4490-9A54-0D2630698500}"
EndProject
Global
	GlobalSection(SolutionConfigurationPlatforms) = preSolution
		Debug|Any CPU = Debug|Any CPU
		Release|Any CPU = Release|Any CPU
	EndGlobalSection
	GlobalSection(ProjectConfigurationPlatforms) = postSolution
		{083696EF-D9F3-4B78-8BF4-3AB5E937BD84}.Debug|Any CPU.ActiveCfg = Debug|Any CPU
		{083696EF-D9F3-4B78-8BF4-3AB5E937BD84}.Debug|Any CPU.Build.0 = Debug|Any CPU
		{083696EF-D9F3-4B78-8BF4-3AB5E937BD84}.Release|Any CPU.ActiveCfg = Release|Any CPU
		{083696EF-D9F3-4B78-8BF4-3AB5E937BD84}.Release|Any CPU.Build.0 = Release|Any CPU
		{D06DB836-C5F5-47F4-BC71-1DDBC3B80CB2}.Debug|Any CPU.ActiveCfg = Debug|Any CPU
		{D06DB836-C5F5-47F4-BC71-1DDBC3B80CB2}.Debug|Any CPU.Build.0 = Debug|Any CPU
		{D06DB836-C5F5-47F4-BC71-1DDBC3B80CB2}.Release|Any CPU.ActiveCfg = Release|Any CPU
		{D06DB836-C5F5-47F4-BC71-1DDBC3B80CB2}.Release|Any CPU.Build.0 = Release|Any CPU
		{81932CCC-0FF6-463F-A952-A77A9137483B}.Debug|Any CPU.ActiveCfg = Debug|Any CPU
		{81932CCC-0FF6-463F-A952-A77A9137483B}.Debug|Any CPU.Build.0 = Debug|Any CPU
		{81932CCC-0FF6-463F-A952-A77A9137483B}.Release|Any CPU.ActiveCfg = Release|Any CPU
		{81932CCC-0FF6-463F-A952-A77A9137483B}.Release|Any CPU.Build.0 = Release|Any CPU
		{3C7978FA-6817-40A1-AC9C-C12E7C8C4103}.Debug|Any CPU.ActiveCfg = Debug|Any CPU
		{3C7978FA-6817-40A1-AC9C-C12E7C8C4103}.Debug|Any CPU.Build.0 = Debug|Any CPU
		{3C7978FA-6817-40A1-AC9C-C12E7C8C4103}.Release|Any CPU.ActiveCfg = Release|Any CPU
		{3C7978FA-6817-40A1-AC9C-C12E7C8C4103}.Release|Any CPU.Build.0 = Release|Any CPU
		{DB529FBB-09E8-4389-B041-421F50159881}.Debug|Any CPU.ActiveCfg = Debug|Any CPU
		{DB529FBB-09E8-4389-B041-421F50159881}.Debug|Any CPU.Build.0 = Debug|Any CPU
		{DB529FBB-09E8-4389-B041-421F50159881}.Release|Any CPU.ActiveCfg = Release|Any CPU
		{DB529FBB-09E8-4389-B041-421F50159881}.Release|Any CPU.Build.0 = Release|Any CPU
		{17756DCA-A483-4490-9A54-0D2630698500}.Debug|Any CPU.ActiveCfg = Debug|Any CPU
		{17756DCA-A483-4490-9A54-0D2630698500}.Debug|Any CPU.Build.0 = Debug|Any CPU
		{17756DCA-A483-4490-9A54-0D2630698500}.Release|Any CPU.ActiveCfg = Release|Any CPU
		{17756DCA-A483-4490-9A54-0D2630698500}.Release|Any CPU.Build.0 = Release|Any CPU
	EndGlobalSection
	GlobalSection(SolutionProperties) = preSolution
		HideSolutionNode = FALSE
	EndGlobalSection
	GlobalSection(NestedProjects) = preSolution
		{083696EF-D9F3-4B78-8BF4-3AB5E937BD84} = {B475C797-8EB0-4B97-BD77-8B025695FCAE}
		{D06DB836-C5F5-47F4-BC71-1DDBC3B80CB2} = {B475C797-8EB0-4B97-BD77-8B025695FCAE}
		{81932CCC-0FF6-463F-A952-A77A9137483B} = {B475C797-8EB0-4B97-BD77-8B025695FCAE}
		{3C7978FA-6817-40A1-AC9C-C12E7C8C4103} = {B475C797-8EB0-4B97-BD77-8B025695FCAE}
		{DB529FBB-09E8-4389-B041-421F50159881} = {B475C797-8EB0-4B97-BD77-8B025695FCAE}
		{17756DCA-A483-4490-9A54-0D2630698500} = {B475C797-8EB0-4B97-BD77-8B025695FCAE}
	EndGlobalSection
	GlobalSection(ExtensibilityGlobals) = postSolution
		SolutionGuid = {57A682C3-B712-4D9B-A254-3F4A806CCA46}
	EndGlobalSection
EndGlobal
