
Microsoft Visual Studio Solution File, Format Version 12.00
# Visual Studio Version 17
VisualStudioVersion = 17.0.31903.59
MinimumVisualStudioVersion = 10.0.40219.1
Project("{2150E333-8FDC-42A3-9474-1A3956D46DE8}") = "src", "src", "{B475C797-8EB0-4B97-BD77-8B025695FCAE}"
EndProject
Project("{FAE04EC0-301F-11D3-BF4B-00C04F79EFBC}") = "QianShiChat.Common", "src\QianShiChat.Common\QianShiChat.Common.csproj", "{F643FA6D-FAD0-4B61-A646-1AE44BBBA375}"
EndProject
Project("{FAE04EC0-301F-11D3-BF4B-00C04F79EFBC}") = "QianShiChat.Core", "src\QianShiChat.Core\QianShiChat.Core.csproj", "{ABEA29A7-CAF3-4E56-A63F-A6E74C387A36}"
EndProject
Project("{FAE04EC0-301F-11D3-BF4B-00C04F79EFBC}") = "QianShiChat.Application", "src\QianShiChat.Application\QianShiChat.Application.csproj", "{4F321492-F9FC-4EDF-8CA3-B265D71F1795}"
EndProject
Project("{FAE04EC0-301F-11D3-BF4B-00C04F79EFBC}") = "QianShiChat.Database.Migrations", "src\QianShiChat.Database.Migrations\QianShiChat.Database.Migrations.csproj", "{C4E16F5C-8748-45F5-90C2-3EB7E563CB2F}"
EndProject
Project("{FAE04EC0-301F-11D3-BF4B-00C04F79EFBC}") = "QianShiChat.EntityFramework.Core", "src\QianShiChat.EntityFramework.Core\QianShiChat.EntityFramework.Core.csproj", "{CC93CA62-00E3-407C-96B1-FFAF3A998145}"
EndProject
Project("{FAE04EC0-301F-11D3-BF4B-00C04F79EFBC}") = "QianShiChat.Web.Core", "src\QianShiChat.Web.Core\QianShiChat.Web.Core.csproj", "{D42B3802-7473-452D-B045-D47F7CCE1366}"
EndProject
Project("{FAE04EC0-301F-11D3-BF4B-00C04F79EFBC}") = "QianShiChat.Web.Entry", "src\QianShiChat.Web.Entry\QianShiChat.Web.Entry.csproj", "{33770DBA-C8A2-40F3-AA13-53741A4FEDA5}"
EndProject
Global
	GlobalSection(SolutionConfigurationPlatforms) = preSolution
		Debug|Any CPU = Debug|Any CPU
		Release|Any CPU = Release|Any CPU
	EndGlobalSection
	GlobalSection(ProjectConfigurationPlatforms) = postSolution
		{F643FA6D-FAD0-4B61-A646-1AE44BBBA375}.Debug|Any CPU.ActiveCfg = Debug|Any CPU
		{F643FA6D-FAD0-4B61-A646-1AE44BBBA375}.Debug|Any CPU.Build.0 = Debug|Any CPU
		{F643FA6D-FAD0-4B61-A646-1AE44BBBA375}.Release|Any CPU.ActiveCfg = Release|Any CPU
		{F643FA6D-FAD0-4B61-A646-1AE44BBBA375}.Release|Any CPU.Build.0 = Release|Any CPU
		{ABEA29A7-CAF3-4E56-A63F-A6E74C387A36}.Debug|Any CPU.ActiveCfg = Debug|Any CPU
		{ABEA29A7-CAF3-4E56-A63F-A6E74C387A36}.Debug|Any CPU.Build.0 = Debug|Any CPU
		{ABEA29A7-CAF3-4E56-A63F-A6E74C387A36}.Release|Any CPU.ActiveCfg = Release|Any CPU
		{ABEA29A7-CAF3-4E56-A63F-A6E74C387A36}.Release|Any CPU.Build.0 = Release|Any CPU
		{4F321492-F9FC-4EDF-8CA3-B265D71F1795}.Debug|Any CPU.ActiveCfg = Debug|Any CPU
		{4F321492-F9FC-4EDF-8CA3-B265D71F1795}.Debug|Any CPU.Build.0 = Debug|Any CPU
		{4F321492-F9FC-4EDF-8CA3-B265D71F1795}.Release|Any CPU.ActiveCfg = Release|Any CPU
		{4F321492-F9FC-4EDF-8CA3-B265D71F1795}.Release|Any CPU.Build.0 = Release|Any CPU
		{C4E16F5C-8748-45F5-90C2-3EB7E563CB2F}.Debug|Any CPU.ActiveCfg = Debug|Any CPU
		{C4E16F5C-8748-45F5-90C2-3EB7E563CB2F}.Debug|Any CPU.Build.0 = Debug|Any CPU
		{C4E16F5C-8748-45F5-90C2-3EB7E563CB2F}.Release|Any CPU.ActiveCfg = Release|Any CPU
		{C4E16F5C-8748-45F5-90C2-3EB7E563CB2F}.Release|Any CPU.Build.0 = Release|Any CPU
		{CC93CA62-00E3-407C-96B1-FFAF3A998145}.Debug|Any CPU.ActiveCfg = Debug|Any CPU
		{CC93CA62-00E3-407C-96B1-FFAF3A998145}.Debug|Any CPU.Build.0 = Debug|Any CPU
		{CC93CA62-00E3-407C-96B1-FFAF3A998145}.Release|Any CPU.ActiveCfg = Release|Any CPU
		{CC93CA62-00E3-407C-96B1-FFAF3A998145}.Release|Any CPU.Build.0 = Release|Any CPU
		{D42B3802-7473-452D-B045-D47F7CCE1366}.Debug|Any CPU.ActiveCfg = Debug|Any CPU
		{D42B3802-7473-452D-B045-D47F7CCE1366}.Debug|Any CPU.Build.0 = Debug|Any CPU
		{D42B3802-7473-452D-B045-D47F7CCE1366}.Release|Any CPU.ActiveCfg = Release|Any CPU
		{D42B3802-7473-452D-B045-D47F7CCE1366}.Release|Any CPU.Build.0 = Release|Any CPU
		{33770DBA-C8A2-40F3-AA13-53741A4FEDA5}.Debug|Any CPU.ActiveCfg = Debug|Any CPU
		{33770DBA-C8A2-40F3-AA13-53741A4FEDA5}.Debug|Any CPU.Build.0 = Debug|Any CPU
		{33770DBA-C8A2-40F3-AA13-53741A4FEDA5}.Release|Any CPU.ActiveCfg = Release|Any CPU
		{33770DBA-C8A2-40F3-AA13-53741A4FEDA5}.Release|Any CPU.Build.0 = Release|Any CPU
	EndGlobalSection
	GlobalSection(SolutionProperties) = preSolution
		HideSolutionNode = FALSE
	EndGlobalSection
	GlobalSection(NestedProjects) = preSolution
		{F643FA6D-FAD0-4B61-A646-1AE44BBBA375} = {B475C797-8EB0-4B97-BD77-8B025695FCAE}
		{ABEA29A7-CAF3-4E56-A63F-A6E74C387A36} = {B475C797-8EB0-4B97-BD77-8B025695FCAE}
		{4F321492-F9FC-4EDF-8CA3-B265D71F1795} = {B475C797-8EB0-4B97-BD77-8B025695FCAE}
		{C4E16F5C-8748-45F5-90C2-3EB7E563CB2F} = {B475C797-8EB0-4B97-BD77-8B025695FCAE}
		{CC93CA62-00E3-407C-96B1-FFAF3A998145} = {B475C797-8EB0-4B97-BD77-8B025695FCAE}
		{D42B3802-7473-452D-B045-D47F7CCE1366} = {B475C797-8EB0-4B97-BD77-8B025695FCAE}
		{33770DBA-C8A2-40F3-AA13-53741A4FEDA5} = {B475C797-8EB0-4B97-BD77-8B025695FCAE}
	EndGlobalSection
	GlobalSection(ExtensibilityGlobals) = postSolution
		SolutionGuid = {57A682C3-B712-4D9B-A254-3F4A806CCA46}
	EndGlobalSection
EndGlobal
